
Microsoft Visual Studio Solution File, Format Version 12.00
# Visual Studio Version 17
VisualStudioVersion = 17.4.33205.214
MinimumVisualStudioVersion = 10.0.40219.1
Project("{FAE04EC0-301F-11D3-BF4B-00C04F79EFBC}") = "NkuKayitProgramii", "NkuKayitProgramii\NkuKayitProgramii.csproj", "{DECF14F4-4671-451F-B06B-8B219D7B1E41}"
EndProject
Global
	GlobalSection(SolutionConfigurationPlatforms) = preSolution
		Debug|Any CPU = Debug|Any CPU
		Release|Any CPU = Release|Any CPU
	EndGlobalSection
	GlobalSection(ProjectConfigurationPlatforms) = postSolution
		{DECF14F4-4671-451F-B06B-8B219D7B1E41}.Debug|Any CPU.ActiveCfg = Debug|Any CPU
		{DECF14F4-4671-451F-B06B-8B219D7B1E41}.Debug|Any CPU.Build.0 = Debug|Any CPU
		{DECF14F4-4671-451F-B06B-8B219D7B1E41}.Release|Any CPU.ActiveCfg = Release|Any CPU
		{DECF14F4-4671-451F-B06B-8B219D7B1E41}.Release|Any CPU.Build.0 = Release|Any CPU
	EndGlobalSection
	GlobalSection(SolutionProperties) = preSolution
		HideSolutionNode = FALSE
	EndGlobalSection
	GlobalSection(ExtensibilityGlobals) = postSolution
		SolutionGuid = {85AD35B0-F173-44DE-A65E-9171F91A0AE1}
	EndGlobalSection
EndGlobal
